{
  "meteor": {},
  "dependencies": {
    "basePackages": {
      "iron-router": {},
      "bootstrap-3": {},
      "roles": {},
      "autoform": {},
      "fastclick": {},
      "collection2": {},
      "collectionFS": {},
      "inspector": {},
      "nprogress": {}
    },
    "packages": {
      "iron-router": {
        "git": "https://github.com/EventedMind/iron-router.git",
        "tag": "v0.6.2",
        "commit": "ce56e58b45624dce992490f3a1c10f10d3948bae"
      },
      "bootstrap-3": {
        "git": "https://github.com/mangasocial/meteor-bootstrap-3.git",
        "tag": "v0.3.7",
        "commit": "5dd0d142c870647b910be80bc777b96f0dd45e5e"
      },
      "roles": {
        "git": "https://github.com/alanning/meteor-roles.git",
        "tag": "v1.2.6",
        "commit": "f2a9058281f8f2fe028767841d7445aadd6893cf"
      },
      "autoform": {
        "git": "https://github.com/aldeed/meteor-autoform.git",
        "tag": "v0.4.10",
        "commit": "6f02c8f8f97ae82b7b4d1e2a529edfa3700b6e9b"
      },
      "fastclick": {
        "git": "https://github.com/percolatestudio/meteor-fastclick",
        "tag": "v0.6.7",
        "commit": "fcb3bfd34d9f6874e626b4e24e8f54107938db41"
      },
      "collection2": {
        "git": "https://github.com/aldeed/meteor-collection2.git",
        "tag": "v0.3.3",
        "commit": "d5c99b1c0fe30778e683175ecb0dd36529e6271e"
      },
      "collectionFS": {
        "git": "https://github.com/raix/Meteor-CollectionFS.git",
        "tag": "v0.3.7",
        "commit": "34d9fb363472e44c6dba4a1473a9e106e107f5a9"
      },
      "inspector": {
        "git": "https://github.com/broth-eu/meteor-inspector.git",
        "tag": "v0.2.2",
        "commit": "d3e5e4a760133f8d97b6457befc6e8ea1b42a010"
      },
      "nprogress": {
        "git": "https://github.com/zhouzhuojie/meteor-nprogress.git",
        "tag": "v0.0.3",
        "commit": "ffd1c5dd400af64121197f4e637a215c4b6b1fc7"
      },
      "simple-schema": {
        "git": "https://github.com/aldeed/meteor-simple-schema.git",
        "tag": "v0.2.30",
        "commit": "40f983129da6e82b3ab2fa1f9e73111d818ee71e"
      },
      "moment": {
        "git": "https://github.com/acreeger/meteor-moment.git",
        "tag": "v2.2.1",
        "commit": "9ee12e714afe56b189f53076447b7b54f3012065"
      },
      "cfs-public-folder": {
        "git": "https://github.com/nooitaf/meteor-cfs-public-folder.git",
        "tag": "v0.0.3",
        "commit": "581c716424b374efb6f611110002621f9cc9212b"
      }
    }
  }
}
